{
  "name": "jsonmvc-db",
  "version": "0.3.3",
  "dependencies": {
    "lodash": {
      "version": "4.17.2",
      "from": "lodash@>=4.17.2 <5.0.0",
      "resolved": "https://registry.npmjs.org/lodash/-/lodash-4.17.2.tgz"
    },
    "setimmediate": {
      "version": "1.0.5",
      "from": "setimmediate@>=1.0.5 <2.0.0",
      "resolved": "https://registry.npmjs.org/setimmediate/-/setimmediate-1.0.5.tgz"
    },
    "uniq": {
      "version": "1.0.1",
      "from": "uniq@>=1.0.1 <2.0.0",
      "resolved": "https://registry.npmjs.org/uniq/-/uniq-1.0.1.tgz"
    }
  }
}
