{
  "name": "jsonmvc-db",
  "version": "0.2.0",
  "dependencies": {
    "fast-json-patch": {
      "version": "1.1.2",
      "from": "fast-json-patch@>=1.1.1 <2.0.0",
      "resolved": "https://registry.npmjs.org/fast-json-patch/-/fast-json-patch-1.1.2.tgz"
    },
    "uniq": {
      "version": "1.0.1",
      "from": "uniq@>=1.0.1 <2.0.0",
      "resolved": "https://registry.npmjs.org/uniq/-/uniq-1.0.1.tgz"
    }
  }
}
